
Microsoft Visual Studio Solution File, Format Version 12.00
# Visual Studio Version 16
VisualStudioVersion = 16.0.34031.81
MinimumVisualStudioVersion = 10.0.40219.1
Project("{FAE04EC0-301F-11D3-BF4B-00C04F79EFBC}") = "TekYonluBaglıList", "TekYonluBaglıList.csproj", "{A24AF8F4-4EE8-4539-AB1C-2C5E5830FF10}"
EndProject
Global
	GlobalSection(SolutionConfigurationPlatforms) = preSolution
		Debug|Any CPU = Debug|Any CPU
		Release|Any CPU = Release|Any CPU
	EndGlobalSection
	GlobalSection(ProjectConfigurationPlatforms) = postSolution
		{A24AF8F4-4EE8-4539-AB1C-2C5E5830FF10}.Debug|Any CPU.ActiveCfg = Debug|Any CPU
		{A24AF8F4-4EE8-4539-AB1C-2C5E5830FF10}.Debug|Any CPU.Build.0 = Debug|Any CPU
		{A24AF8F4-4EE8-4539-AB1C-2C5E5830FF10}.Release|Any CPU.ActiveCfg = Release|Any CPU
		{A24AF8F4-4EE8-4539-AB1C-2C5E5830FF10}.Release|Any CPU.Build.0 = Release|Any CPU
	EndGlobalSection
	GlobalSection(SolutionProperties) = preSolution
		HideSolutionNode = FALSE
	EndGlobalSection
	GlobalSection(ExtensibilityGlobals) = postSolution
		SolutionGuid = {358628FF-3BB3-4701-A567-8FFC9C115DDB}
	EndGlobalSection
EndGlobal
